// !$*UTF8*$!
{
	archiveVersion = 1;
	classes = {
	};
	objectVersion = 50;
	objects = {

/* Begin PBXBuildFile section */
		095532F82669436A0053CB1C /* MilestoneProject_9_12App.swift in Sources */ = {isa = PBXBuildFile; fileRef = 095532F72669436A0053CB1C /* MilestoneProject_9_12App.swift */; };
		095532FA2669436A0053CB1C /* ContentView.swift in Sources */ = {isa = PBXBuildFile; fileRef = 095532F92669436A0053CB1C /* ContentView.swift */; };
		095532FC2669436C0053CB1C /* Assets.xcassets in Resources */ = {isa = PBXBuildFile; fileRef = 095532FB2669436C0053CB1C /* Assets.xcassets */; };
		095532FF2669436C0053CB1C /* Preview Assets.xcassets in Resources */ = {isa = PBXBuildFile; fileRef = 095532FE2669436C0053CB1C /* Preview Assets.xcassets */; };
		095533082669437F0053CB1C /* User.swift in Sources */ = {isa = PBXBuildFile; fileRef = 095533072669437F0053CB1C /* User.swift */; };
		0955330B2669440E0053CB1C /* Friend.swift in Sources */ = {isa = PBXBuildFile; fileRef = 0955330A2669440E0053CB1C /* Friend.swift */; };
		0955330F2669490C0053CB1C /* UserData.swift in Sources */ = {isa = PBXBuildFile; fileRef = 0955330E2669490C0053CB1C /* UserData.swift */; };
		0955331426694D200053CB1C /* UserDetailView.swift in Sources */ = {isa = PBXBuildFile; fileRef = 0955331326694D200053CB1C /* UserDetailView.swift */; };
/* End PBXBuildFile section */

/* Begin PBXFileReference section */
		095532F42669436A0053CB1C /* MilestoneProject_9-12.app */ = {isa = PBXFileReference; explicitFileType = wrapper.application; includeInIndex = 0; path = "MilestoneProject_9-12.app"; sourceTree = BUILT_PRODUCTS_DIR; };
		095532F72669436A0053CB1C /* MilestoneProject_9_12App.swift */ = {isa = PBXFileReference; lastKnownFileType = sourcecode.swift; path = MilestoneProject_9_12App.swift; sourceTree = "<group>"; };
		095532F92669436A0053CB1C /* ContentView.swift */ = {isa = PBXFileReference; lastKnownFileType = sourcecode.swift; path = ContentView.swift; sourceTree = "<group>"; };
		095532FB2669436C0053CB1C /* Assets.xcassets */ = {isa = PBXFileReference; lastKnownFileType = folder.assetcatalog; path = Assets.xcassets; sourceTree = "<group>"; };
		095532FE2669436C0053CB1C /* Preview Assets.xcassets */ = {isa = PBXFileReference; lastKnownFileType = folder.assetcatalog; path = "Preview Assets.xcassets"; sourceTree = "<group>"; };
		095533002669436C0053CB1C /* Info.plist */ = {isa = PBXFileReference; lastKnownFileType = text.plist.xml; path = Info.plist; sourceTree = "<group>"; };
		095533072669437F0053CB1C /* User.swift */ = {isa = PBXFileReference; lastKnownFileType = sourcecode.swift; path = User.swift; sourceTree = "<group>"; };
		0955330A2669440E0053CB1C /* Friend.swift */ = {isa = PBXFileReference; lastKnownFileType = sourcecode.swift; path = Friend.swift; sourceTree = "<group>"; };
		0955330E2669490C0053CB1C /* UserData.swift */ = {isa = PBXFileReference; lastKnownFileType = sourcecode.swift; path = UserData.swift; sourceTree = "<group>"; };
		0955331326694D200053CB1C /* UserDetailView.swift */ = {isa = PBXFileReference; lastKnownFileType = sourcecode.swift; path = UserDetailView.swift; sourceTree = "<group>"; };
/* End PBXFileReference section */

/* Begin PBXFrameworksBuildPhase section */
		095532F12669436A0053CB1C /* Frameworks */ = {
			isa = PBXFrameworksBuildPhase;
			buildActionMask = 2147483647;
			files = (
			);
			runOnlyForDeploymentPostprocessing = 0;
		};
/* End PBXFrameworksBuildPhase section */

/* Begin PBXGroup section */
		095532EB2669436A0053CB1C = {
			isa = PBXGroup;
			children = (
				095532F62669436A0053CB1C /* MilestoneProject_9-12 */,
				095532F52669436A0053CB1C /* Products */,
			);
			sourceTree = "<group>";
		};
		095532F52669436A0053CB1C /* Products */ = {
			isa = PBXGroup;
			children = (
				095532F42669436A0053CB1C /* MilestoneProject_9-12.app */,
			);
			name = Products;
			sourceTree = "<group>";
		};
		095532F62669436A0053CB1C /* MilestoneProject_9-12 */ = {
			isa = PBXGroup;
			children = (
				095532F72669436A0053CB1C /* MilestoneProject_9_12App.swift */,
				095532F92669436A0053CB1C /* ContentView.swift */,
				0955331326694D200053CB1C /* UserDetailView.swift */,
				095533072669437F0053CB1C /* User.swift */,
				0955330E2669490C0053CB1C /* UserData.swift */,
				0955330A2669440E0053CB1C /* Friend.swift */,
				095532FB2669436C0053CB1C /* Assets.xcassets */,
				095533002669436C0053CB1C /* Info.plist */,
				095532FD2669436C0053CB1C /* Preview Content */,
			);
			path = "MilestoneProject_9-12";
			sourceTree = "<group>";
		};
		095532FD2669436C0053CB1C /* Preview Content */ = {
			isa = PBXGroup;
			children = (
				095532FE2669436C0053CB1C /* Preview Assets.xcassets */,
			);
			path = "Preview Content";
			sourceTree = "<group>";
		};
/* End PBXGroup section */

/* Begin PBXNativeTarget section */
		095532F32669436A0053CB1C /* MilestoneProject_9-12 */ = {
			isa = PBXNativeTarget;
			buildConfigurationList = 095533032669436C0053CB1C /* Build configuration list for PBXNativeTarget "MilestoneProject_9-12" */;
			buildPhases = (
				095532F02669436A0053CB1C /* Sources */,
				095532F12669436A0053CB1C /* Frameworks */,
				095532F22669436A0053CB1C /* Resources */,
			);
			buildRules = (
			);
			dependencies = (
			);
			name = "MilestoneProject_9-12";
			productName = "MilestoneProject_9-12";
			productReference = 095532F42669436A0053CB1C /* MilestoneProject_9-12.app */;
			productType = "com.apple.product-type.application";
		};
/* End PBXNativeTarget section */

/* Begin PBXProject section */
		095532EC2669436A0053CB1C /* Project object */ = {
			isa = PBXProject;
			attributes = {
				LastSwiftUpdateCheck = 1230;
				LastUpgradeCheck = 1230;
				TargetAttributes = {
					095532F32669436A0053CB1C = {
						CreatedOnToolsVersion = 12.3;
					};
				};
			};
			buildConfigurationList = 095532EF2669436A0053CB1C /* Build configuration list for PBXProject "MilestoneProject_9-12" */;
			compatibilityVersion = "Xcode 9.3";
			developmentRegion = en;
			hasScannedForEncodings = 0;
			knownRegions = (
				en,
				Base,
			);
			mainGroup = 095532EB2669436A0053CB1C;
			productRefGroup = 095532F52669436A0053CB1C /* Products */;
			projectDirPath = "";
			projectRoot = "";
			targets = (
				095532F32669436A0053CB1C /* MilestoneProject_9-12 */,
			);
		};
/* End PBXProject section */

/* Begin PBXResourcesBuildPhase section */
		095532F22669436A0053CB1C /* Resources */ = {
			isa = PBXResourcesBuildPhase;
			buildActionMask = 2147483647;
			files = (
				095532FF2669436C0053CB1C /* Preview Assets.xcassets in Resources */,
				095532FC2669436C0053CB1C /* Assets.xcassets in Resources */,
			);
			runOnlyForDeploymentPostprocessing = 0;
		};
/* End PBXResourcesBuildPhase section */

/* Begin PBXSourcesBuildPhase section */
		095532F02669436A0053CB1C /* Sources */ = {
			isa = PBXSourcesBuildPhase;
			buildActionMask = 2147483647;
			files = (
				095532FA2669436A0053CB1C /* ContentView.swift in Sources */,
				095532F82669436A0053CB1C /* MilestoneProject_9_12App.swift in Sources */,
				095533082669437F0053CB1C /* User.swift in Sources */,
				0955330F2669490C0053CB1C /* UserData.swift in Sources */,
				0955331426694D200053CB1C /* UserDetailView.swift in Sources */,
				0955330B2669440E0053CB1C /* Friend.swift in Sources */,
			);
			runOnlyForDeploymentPostprocessing = 0;
		};
/* End PBXSourcesBuildPhase section */

/* Begin XCBuildConfiguration section */
		095533012669436C0053CB1C /* Debug */ = {
			isa = XCBuildConfiguration;
			buildSettings = {
				ALWAYS_SEARCH_USER_PATHS = NO;
				CLANG_ANALYZER_NONNULL = YES;
				CLANG_ANALYZER_NUMBER_OBJECT_CONVERSION = YES_AGGRESSIVE;
				CLANG_CXX_LANGUAGE_STANDARD = "gnu++14";
				CLANG_CXX_LIBRARY = "libc++";
				CLANG_ENABLE_MODULES = YES;
				CLANG_ENABLE_OBJC_ARC = YES;
				CLANG_ENABLE_OBJC_WEAK = YES;
				CLANG_WARN_BLOCK_CAPTURE_AUTORELEASING = YES;
				CLANG_WARN_BOOL_CONVERSION = YES;
				CLANG_WARN_COMMA = YES;
				CLANG_WARN_CONSTANT_CONVERSION = YES;
				CLANG_WARN_DEPRECATED_OBJC_IMPLEMENTATIONS = YES;
				CLANG_WARN_DIRECT_OBJC_ISA_USAGE = YES_ERROR;
				CLANG_WARN_DOCUMENTATION_COMMENTS = YES;
				CLANG_WARN_EMPTY_BODY = YES;
				CLANG_WARN_ENUM_CONVERSION = YES;
				CLANG_WARN_INFINITE_RECURSION = YES;
				CLANG_WARN_INT_CONVERSION = YES;
				CLANG_WARN_NON_LITERAL_NULL_CONVERSION = YES;
				CLANG_WARN_OBJC_IMPLICIT_RETAIN_SELF = YES;
				CLANG_WARN_OBJC_LITERAL_CONVERSION = YES;
				CLANG_WARN_OBJC_ROOT_CLASS = YES_ERROR;
				CLANG_WARN_QUOTED_INCLUDE_IN_FRAMEWORK_HEADER = YES;
				CLANG_WARN_RANGE_LOOP_ANALYSIS = YES;
				CLANG_WARN_STRICT_PROTOTYPES = YES;
				CLANG_WARN_SUSPICIOUS_MOVE = YES;
				CLANG_WARN_UNGUARDED_AVAILABILITY = YES_AGGRESSIVE;
				CLANG_WARN_UNREACHABLE_CODE = YES;
				CLANG_WARN__DUPLICATE_METHOD_MATCH = YES;
				COPY_PHASE_STRIP = NO;
				DEBUG_INFORMATION_FORMAT = dwarf;
				ENABLE_STRICT_OBJC_MSGSEND = YES;
				ENABLE_TESTABILITY = YES;
				GCC_C_LANGUAGE_STANDARD = gnu11;
				GCC_DYNAMIC_NO_PIC = NO;
				GCC_NO_COMMON_BLOCKS = YES;
				GCC_OPTIMIZATION_LEVEL = 0;
				GCC_PREPROCESSOR_DEFINITIONS = (
					"DEBUG=1",
					"$(inherited)",
				);
				GCC_WARN_64_TO_32_BIT_CONVERSION = YES;
				GCC_WARN_ABOUT_RETURN_TYPE = YES_ERROR;
				GCC_WARN_UNDECLARED_SELECTOR = YES;
				GCC_WARN_UNINITIALIZED_AUTOS = YES_AGGRESSIVE;
				GCC_WARN_UNUSED_FUNCTION = YES;
				GCC_WARN_UNUSED_VARIABLE = YES;
				IPHONEOS_DEPLOYMENT_TARGET = 14.3;
				MTL_ENABLE_DEBUG_INFO = INCLUDE_SOURCE;
				MTL_FAST_MATH = YES;
				ONLY_ACTIVE_ARCH = YES;
				SDKROOT = iphoneos;
				SWIFT_ACTIVE_COMPILATION_CONDITIONS = DEBUG;
				SWIFT_OPTIMIZATION_LEVEL = "-Onone";
			};
			name = Debug;
		};
		095533022669436C0053CB1C /* Release */ = {
			isa = XCBuildConfiguration;
			buildSettings = {
				ALWAYS_SEARCH_USER_PATHS = NO;
				CLANG_ANALYZER_NONNULL = YES;
				CLANG_ANALYZER_NUMBER_OBJECT_CONVERSION = YES_AGGRESSIVE;
				CLANG_CXX_LANGUAGE_STANDARD = "gnu++14";
				CLANG_CXX_LIBRARY = "libc++";
				CLANG_ENABLE_MODULES = YES;
				CLANG_ENABLE_OBJC_ARC = YES;
				CLANG_ENABLE_OBJC_WEAK = YES;
				CLANG_WARN_BLOCK_CAPTURE_AUTORELEASING = YES;
				CLANG_WARN_BOOL_CONVERSION = YES;
				CLANG_WARN_COMMA = YES;
				CLANG_WARN_CONSTANT_CONVERSION = YES;
				CLANG_WARN_DEPRECATED_OBJC_IMPLEMENTATIONS = YES;
				CLANG_WARN_DIRECT_OBJC_ISA_USAGE = YES_ERROR;
				CLANG_WARN_DOCUMENTATION_COMMENTS = YES;
				CLANG_WARN_EMPTY_BODY = YES;
				CLANG_WARN_ENUM_CONVERSION = YES;
				CLANG_WARN_INFINITE_RECURSION = YES;
				CLANG_WARN_INT_CONVERSION = YES;
				CLANG_WARN_NON_LITERAL_NULL_CONVERSION = YES;
				CLANG_WARN_OBJC_IMPLICIT_RETAIN_SELF = YES;
				CLANG_WARN_OBJC_LITERAL_CONVERSION = YES;
				CLANG_WARN_OBJC_ROOT_CLASS = YES_ERROR;
				CLANG_WARN_QUOTED_INCLUDE_IN_FRAMEWORK_HEADER = YES;
				CLANG_WARN_RANGE_LOOP_ANALYSIS = YES;
				CLANG_WARN_STRICT_PROTOTYPES = YES;
				CLANG_WARN_SUSPICIOUS_MOVE = YES;
				CLANG_WARN_UNGUARDED_AVAILABILITY = YES_AGGRESSIVE;
				CLANG_WARN_UNREACHABLE_CODE = YES;
				CLANG_WARN__DUPLICATE_METHOD_MATCH = YES;
				COPY_PHASE_STRIP = NO;
				DEBUG_INFORMATION_FORMAT = "dwarf-with-dsym";
				ENABLE_NS_ASSERTIONS = NO;
				ENABLE_STRICT_OBJC_MSGSEND = YES;
				GCC_C_LANGUAGE_STANDARD = gnu11;
				GCC_NO_COMMON_BLOCKS = YES;
				GCC_WARN_64_TO_32_BIT_CONVERSION = YES;
				GCC_WARN_ABOUT_RETURN_TYPE = YES_ERROR;
				GCC_WARN_UNDECLARED_SELECTOR = YES;
				GCC_WARN_UNINITIALIZED_AUTOS = YES_AGGRESSIVE;
				GCC_WARN_UNUSED_FUNCTION = YES;
				GCC_WARN_UNUSED_VARIABLE = YES;
				IPHONEOS_DEPLOYMENT_TARGET = 14.3;
				MTL_ENABLE_DEBUG_INFO = NO;
				MTL_FAST_MATH = YES;
				SDKROOT = iphoneos;
				SWIFT_COMPILATION_MODE = wholemodule;
				SWIFT_OPTIMIZATION_LEVEL = "-O";
				VALIDATE_PRODUCT = YES;
			};
			name = Release;
		};
		095533042669436C0053CB1C /* Debug */ = {
			isa = XCBuildConfiguration;
			buildSettings = {
				ASSETCATALOG_COMPILER_APPICON_NAME = AppIcon;
				ASSETCATALOG_COMPILER_GLOBAL_ACCENT_COLOR_NAME = AccentColor;
				CODE_SIGN_STYLE = Automatic;
				DEVELOPMENT_ASSET_PATHS = "\"MilestoneProject_9-12/Preview Content\"";
				ENABLE_PREVIEWS = YES;
				INFOPLIST_FILE = "MilestoneProject_9-12/Info.plist";
				IPHONEOS_DEPLOYMENT_TARGET = 14.0;
				LD_RUNPATH_SEARCH_PATHS = (
					"$(inherited)",
					"@executable_path/Frameworks",
				);
				PRODUCT_BUNDLE_IDENTIFIER = "dev.lorand.MilestoneProject-9-12";
				PRODUCT_NAME = "$(TARGET_NAME)";
				SWIFT_VERSION = 5.0;
				TARGETED_DEVICE_FAMILY = "1,2";
			};
			name = Debug;
		};
		095533052669436C0053CB1C /* Release */ = {
			isa = XCBuildConfiguration;
			buildSettings = {
				ASSETCATALOG_COMPILER_APPICON_NAME = AppIcon;
				ASSETCATALOG_COMPILER_GLOBAL_ACCENT_COLOR_NAME = AccentColor;
				CODE_SIGN_STYLE = Automatic;
				DEVELOPMENT_ASSET_PATHS = "\"MilestoneProject_9-12/Preview Content\"";
				ENABLE_PREVIEWS = YES;
				INFOPLIST_FILE = "MilestoneProject_9-12/Info.plist";
				IPHONEOS_DEPLOYMENT_TARGET = 14.0;
				LD_RUNPATH_SEARCH_PATHS = (
					"$(inherited)",
					"@executable_path/Frameworks",
				);
				PRODUCT_BUNDLE_IDENTIFIER = "dev.lorand.MilestoneProject-9-12";
				PRODUCT_NAME = "$(TARGET_NAME)";
				SWIFT_VERSION = 5.0;
				TARGETED_DEVICE_FAMILY = "1,2";
			};
			name = Release;
		};
/* End XCBuildConfiguration section */

/* Begin XCConfigurationList section */
		095532EF2669436A0053CB1C /* Build configuration list for PBXProject "MilestoneProject_9-12" */ = {
			isa = XCConfigurationList;
			buildConfigurations = (
				095533012669436C0053CB1C /* Debug */,
				095533022669436C0053CB1C /* Release */,
			);
			defaultConfigurationIsVisible = 0;
			defaultConfigurationName = Release;
		};
		095533032669436C0053CB1C /* Build configuration list for PBXNativeTarget "MilestoneProject_9-12" */ = {
			isa = XCConfigurationList;
			buildConfigurations = (
				095533042669436C0053CB1C /* Debug */,
				095533052669436C0053CB1C /* Release */,
			);
			defaultConfigurationIsVisible = 0;
			defaultConfigurationName = Release;
		};
/* End XCConfigurationList section */
	};
	rootObject = 095532EC2669436A0053CB1C /* Project object */;
}
