// !$*UTF8*$!
{
	archiveVersion = 1;
	classes = {
	};
	objectVersion = 50;
	objects = {

/* Begin PBXBuildFile section */
		09B4160C26356483001481E8 /* MultiplicationTableEdutainmentApp.swift in Sources */ = {isa = PBXBuildFile; fileRef = 09B4160B26356483001481E8 /* MultiplicationTableEdutainmentApp.swift */; };
		09B4160E26356483001481E8 /* ContentView.swift in Sources */ = {isa = PBXBuildFile; fileRef = 09B4160D26356483001481E8 /* ContentView.swift */; };
		09B416102635648B001481E8 /* Assets.xcassets in Resources */ = {isa = PBXBuildFile; fileRef = 09B4160F2635648B001481E8 /* Assets.xcassets */; };
		09B416132635648B001481E8 /* Preview Assets.xcassets in Resources */ = {isa = PBXBuildFile; fileRef = 09B416122635648B001481E8 /* Preview Assets.xcassets */; };
		09B4161C2635662B001481E8 /* GameView.swift in Sources */ = {isa = PBXBuildFile; fileRef = 09B4161B2635662B001481E8 /* GameView.swift */; };
		09B4161F26356639001481E8 /* SettingsView.swift in Sources */ = {isa = PBXBuildFile; fileRef = 09B4161E26356639001481E8 /* SettingsView.swift */; };
		09B4162626383C90001481E8 /* Question.swift in Sources */ = {isa = PBXBuildFile; fileRef = 09B4162526383C90001481E8 /* Question.swift */; };
		09B4162926383D05001481E8 /* NumberOfQuestionOptions.swift in Sources */ = {isa = PBXBuildFile; fileRef = 09B4162826383D05001481E8 /* NumberOfQuestionOptions.swift */; };
/* End PBXBuildFile section */

/* Begin PBXFileReference section */
		09B4160826356483001481E8 /* MultiplicationTableEdutainment.app */ = {isa = PBXFileReference; explicitFileType = wrapper.application; includeInIndex = 0; path = MultiplicationTableEdutainment.app; sourceTree = BUILT_PRODUCTS_DIR; };
		09B4160B26356483001481E8 /* MultiplicationTableEdutainmentApp.swift */ = {isa = PBXFileReference; lastKnownFileType = sourcecode.swift; path = MultiplicationTableEdutainmentApp.swift; sourceTree = "<group>"; };
		09B4160D26356483001481E8 /* ContentView.swift */ = {isa = PBXFileReference; lastKnownFileType = sourcecode.swift; path = ContentView.swift; sourceTree = "<group>"; };
		09B4160F2635648B001481E8 /* Assets.xcassets */ = {isa = PBXFileReference; lastKnownFileType = folder.assetcatalog; path = Assets.xcassets; sourceTree = "<group>"; };
		09B416122635648B001481E8 /* Preview Assets.xcassets */ = {isa = PBXFileReference; lastKnownFileType = folder.assetcatalog; path = "Preview Assets.xcassets"; sourceTree = "<group>"; };
		09B416142635648B001481E8 /* Info.plist */ = {isa = PBXFileReference; lastKnownFileType = text.plist.xml; path = Info.plist; sourceTree = "<group>"; };
		09B4161B2635662B001481E8 /* GameView.swift */ = {isa = PBXFileReference; lastKnownFileType = sourcecode.swift; path = GameView.swift; sourceTree = "<group>"; };
		09B4161E26356639001481E8 /* SettingsView.swift */ = {isa = PBXFileReference; lastKnownFileType = sourcecode.swift; path = SettingsView.swift; sourceTree = "<group>"; };
		09B4162526383C90001481E8 /* Question.swift */ = {isa = PBXFileReference; lastKnownFileType = sourcecode.swift; path = Question.swift; sourceTree = "<group>"; };
		09B4162826383D05001481E8 /* NumberOfQuestionOptions.swift */ = {isa = PBXFileReference; lastKnownFileType = sourcecode.swift; path = NumberOfQuestionOptions.swift; sourceTree = "<group>"; };
/* End PBXFileReference section */

/* Begin PBXFrameworksBuildPhase section */
		09B4160526356483001481E8 /* Frameworks */ = {
			isa = PBXFrameworksBuildPhase;
			buildActionMask = 2147483647;
			files = (
			);
			runOnlyForDeploymentPostprocessing = 0;
		};
/* End PBXFrameworksBuildPhase section */

/* Begin PBXGroup section */
		09B415FF26356482001481E8 = {
			isa = PBXGroup;
			children = (
				09B4160A26356483001481E8 /* MultiplicationTableEdutainment */,
				09B4160926356483001481E8 /* Products */,
			);
			sourceTree = "<group>";
		};
		09B4160926356483001481E8 /* Products */ = {
			isa = PBXGroup;
			children = (
				09B4160826356483001481E8 /* MultiplicationTableEdutainment.app */,
			);
			name = Products;
			sourceTree = "<group>";
		};
		09B4160A26356483001481E8 /* MultiplicationTableEdutainment */ = {
			isa = PBXGroup;
			children = (
				09B4160B26356483001481E8 /* MultiplicationTableEdutainmentApp.swift */,
				09B4160D26356483001481E8 /* ContentView.swift */,
				09B4160F2635648B001481E8 /* Assets.xcassets */,
				09B416142635648B001481E8 /* Info.plist */,
				09B416112635648B001481E8 /* Preview Content */,
				09B4161B2635662B001481E8 /* GameView.swift */,
				09B4162526383C90001481E8 /* Question.swift */,
				09B4161E26356639001481E8 /* SettingsView.swift */,
				09B4162826383D05001481E8 /* NumberOfQuestionOptions.swift */,
			);
			path = MultiplicationTableEdutainment;
			sourceTree = "<group>";
		};
		09B416112635648B001481E8 /* Preview Content */ = {
			isa = PBXGroup;
			children = (
				09B416122635648B001481E8 /* Preview Assets.xcassets */,
			);
			path = "Preview Content";
			sourceTree = "<group>";
		};
/* End PBXGroup section */

/* Begin PBXNativeTarget section */
		09B4160726356483001481E8 /* MultiplicationTableEdutainment */ = {
			isa = PBXNativeTarget;
			buildConfigurationList = 09B416172635648B001481E8 /* Build configuration list for PBXNativeTarget "MultiplicationTableEdutainment" */;
			buildPhases = (
				09B4160426356483001481E8 /* Sources */,
				09B4160526356483001481E8 /* Frameworks */,
				09B4160626356483001481E8 /* Resources */,
			);
			buildRules = (
			);
			dependencies = (
			);
			name = MultiplicationTableEdutainment;
			productName = MultiplicationTableEdutainment;
			productReference = 09B4160826356483001481E8 /* MultiplicationTableEdutainment.app */;
			productType = "com.apple.product-type.application";
		};
/* End PBXNativeTarget section */

/* Begin PBXProject section */
		09B4160026356482001481E8 /* Project object */ = {
			isa = PBXProject;
			attributes = {
				LastSwiftUpdateCheck = 1230;
				LastUpgradeCheck = 1230;
				TargetAttributes = {
					09B4160726356483001481E8 = {
						CreatedOnToolsVersion = 12.3;
					};
				};
			};
			buildConfigurationList = 09B4160326356482001481E8 /* Build configuration list for PBXProject "MultiplicationTableEdutainment" */;
			compatibilityVersion = "Xcode 9.3";
			developmentRegion = en;
			hasScannedForEncodings = 0;
			knownRegions = (
				en,
				Base,
			);
			mainGroup = 09B415FF26356482001481E8;
			productRefGroup = 09B4160926356483001481E8 /* Products */;
			projectDirPath = "";
			projectRoot = "";
			targets = (
				09B4160726356483001481E8 /* MultiplicationTableEdutainment */,
			);
		};
/* End PBXProject section */

/* Begin PBXResourcesBuildPhase section */
		09B4160626356483001481E8 /* Resources */ = {
			isa = PBXResourcesBuildPhase;
			buildActionMask = 2147483647;
			files = (
				09B416132635648B001481E8 /* Preview Assets.xcassets in Resources */,
				09B416102635648B001481E8 /* Assets.xcassets in Resources */,
			);
			runOnlyForDeploymentPostprocessing = 0;
		};
/* End PBXResourcesBuildPhase section */

/* Begin PBXSourcesBuildPhase section */
		09B4160426356483001481E8 /* Sources */ = {
			isa = PBXSourcesBuildPhase;
			buildActionMask = 2147483647;
			files = (
				09B4162626383C90001481E8 /* Question.swift in Sources */,
				09B4160E26356483001481E8 /* ContentView.swift in Sources */,
				09B4161F26356639001481E8 /* SettingsView.swift in Sources */,
				09B4161C2635662B001481E8 /* GameView.swift in Sources */,
				09B4162926383D05001481E8 /* NumberOfQuestionOptions.swift in Sources */,
				09B4160C26356483001481E8 /* MultiplicationTableEdutainmentApp.swift in Sources */,
			);
			runOnlyForDeploymentPostprocessing = 0;
		};
/* End PBXSourcesBuildPhase section */

/* Begin XCBuildConfiguration section */
		09B416152635648B001481E8 /* Debug */ = {
			isa = XCBuildConfiguration;
			buildSettings = {
				ALWAYS_SEARCH_USER_PATHS = NO;
				CLANG_ANALYZER_NONNULL = YES;
				CLANG_ANALYZER_NUMBER_OBJECT_CONVERSION = YES_AGGRESSIVE;
				CLANG_CXX_LANGUAGE_STANDARD = "gnu++14";
				CLANG_CXX_LIBRARY = "libc++";
				CLANG_ENABLE_MODULES = YES;
				CLANG_ENABLE_OBJC_ARC = YES;
				CLANG_ENABLE_OBJC_WEAK = YES;
				CLANG_WARN_BLOCK_CAPTURE_AUTORELEASING = YES;
				CLANG_WARN_BOOL_CONVERSION = YES;
				CLANG_WARN_COMMA = YES;
				CLANG_WARN_CONSTANT_CONVERSION = YES;
				CLANG_WARN_DEPRECATED_OBJC_IMPLEMENTATIONS = YES;
				CLANG_WARN_DIRECT_OBJC_ISA_USAGE = YES_ERROR;
				CLANG_WARN_DOCUMENTATION_COMMENTS = YES;
				CLANG_WARN_EMPTY_BODY = YES;
				CLANG_WARN_ENUM_CONVERSION = YES;
				CLANG_WARN_INFINITE_RECURSION = YES;
				CLANG_WARN_INT_CONVERSION = YES;
				CLANG_WARN_NON_LITERAL_NULL_CONVERSION = YES;
				CLANG_WARN_OBJC_IMPLICIT_RETAIN_SELF = YES;
				CLANG_WARN_OBJC_LITERAL_CONVERSION = YES;
				CLANG_WARN_OBJC_ROOT_CLASS = YES_ERROR;
				CLANG_WARN_QUOTED_INCLUDE_IN_FRAMEWORK_HEADER = YES;
				CLANG_WARN_RANGE_LOOP_ANALYSIS = YES;
				CLANG_WARN_STRICT_PROTOTYPES = YES;
				CLANG_WARN_SUSPICIOUS_MOVE = YES;
				CLANG_WARN_UNGUARDED_AVAILABILITY = YES_AGGRESSIVE;
				CLANG_WARN_UNREACHABLE_CODE = YES;
				CLANG_WARN__DUPLICATE_METHOD_MATCH = YES;
				COPY_PHASE_STRIP = NO;
				DEBUG_INFORMATION_FORMAT = dwarf;
				ENABLE_STRICT_OBJC_MSGSEND = YES;
				ENABLE_TESTABILITY = YES;
				GCC_C_LANGUAGE_STANDARD = gnu11;
				GCC_DYNAMIC_NO_PIC = NO;
				GCC_NO_COMMON_BLOCKS = YES;
				GCC_OPTIMIZATION_LEVEL = 0;
				GCC_PREPROCESSOR_DEFINITIONS = (
					"DEBUG=1",
					"$(inherited)",
				);
				GCC_WARN_64_TO_32_BIT_CONVERSION = YES;
				GCC_WARN_ABOUT_RETURN_TYPE = YES_ERROR;
				GCC_WARN_UNDECLARED_SELECTOR = YES;
				GCC_WARN_UNINITIALIZED_AUTOS = YES_AGGRESSIVE;
				GCC_WARN_UNUSED_FUNCTION = YES;
				GCC_WARN_UNUSED_VARIABLE = YES;
				IPHONEOS_DEPLOYMENT_TARGET = 14.3;
				MTL_ENABLE_DEBUG_INFO = INCLUDE_SOURCE;
				MTL_FAST_MATH = YES;
				ONLY_ACTIVE_ARCH = YES;
				SDKROOT = iphoneos;
				SWIFT_ACTIVE_COMPILATION_CONDITIONS = DEBUG;
				SWIFT_OPTIMIZATION_LEVEL = "-Onone";
			};
			name = Debug;
		};
		09B416162635648B001481E8 /* Release */ = {
			isa = XCBuildConfiguration;
			buildSettings = {
				ALWAYS_SEARCH_USER_PATHS = NO;
				CLANG_ANALYZER_NONNULL = YES;
				CLANG_ANALYZER_NUMBER_OBJECT_CONVERSION = YES_AGGRESSIVE;
				CLANG_CXX_LANGUAGE_STANDARD = "gnu++14";
				CLANG_CXX_LIBRARY = "libc++";
				CLANG_ENABLE_MODULES = YES;
				CLANG_ENABLE_OBJC_ARC = YES;
				CLANG_ENABLE_OBJC_WEAK = YES;
				CLANG_WARN_BLOCK_CAPTURE_AUTORELEASING = YES;
				CLANG_WARN_BOOL_CONVERSION = YES;
				CLANG_WARN_COMMA = YES;
				CLANG_WARN_CONSTANT_CONVERSION = YES;
				CLANG_WARN_DEPRECATED_OBJC_IMPLEMENTATIONS = YES;
				CLANG_WARN_DIRECT_OBJC_ISA_USAGE = YES_ERROR;
				CLANG_WARN_DOCUMENTATION_COMMENTS = YES;
				CLANG_WARN_EMPTY_BODY = YES;
				CLANG_WARN_ENUM_CONVERSION = YES;
				CLANG_WARN_INFINITE_RECURSION = YES;
				CLANG_WARN_INT_CONVERSION = YES;
				CLANG_WARN_NON_LITERAL_NULL_CONVERSION = YES;
				CLANG_WARN_OBJC_IMPLICIT_RETAIN_SELF = YES;
				CLANG_WARN_OBJC_LITERAL_CONVERSION = YES;
				CLANG_WARN_OBJC_ROOT_CLASS = YES_ERROR;
				CLANG_WARN_QUOTED_INCLUDE_IN_FRAMEWORK_HEADER = YES;
				CLANG_WARN_RANGE_LOOP_ANALYSIS = YES;
				CLANG_WARN_STRICT_PROTOTYPES = YES;
				CLANG_WARN_SUSPICIOUS_MOVE = YES;
				CLANG_WARN_UNGUARDED_AVAILABILITY = YES_AGGRESSIVE;
				CLANG_WARN_UNREACHABLE_CODE = YES;
				CLANG_WARN__DUPLICATE_METHOD_MATCH = YES;
				COPY_PHASE_STRIP = NO;
				DEBUG_INFORMATION_FORMAT = "dwarf-with-dsym";
				ENABLE_NS_ASSERTIONS = NO;
				ENABLE_STRICT_OBJC_MSGSEND = YES;
				GCC_C_LANGUAGE_STANDARD = gnu11;
				GCC_NO_COMMON_BLOCKS = YES;
				GCC_WARN_64_TO_32_BIT_CONVERSION = YES;
				GCC_WARN_ABOUT_RETURN_TYPE = YES_ERROR;
				GCC_WARN_UNDECLARED_SELECTOR = YES;
				GCC_WARN_UNINITIALIZED_AUTOS = YES_AGGRESSIVE;
				GCC_WARN_UNUSED_FUNCTION = YES;
				GCC_WARN_UNUSED_VARIABLE = YES;
				IPHONEOS_DEPLOYMENT_TARGET = 14.3;
				MTL_ENABLE_DEBUG_INFO = NO;
				MTL_FAST_MATH = YES;
				SDKROOT = iphoneos;
				SWIFT_COMPILATION_MODE = wholemodule;
				SWIFT_OPTIMIZATION_LEVEL = "-O";
				VALIDATE_PRODUCT = YES;
			};
			name = Release;
		};
		09B416182635648B001481E8 /* Debug */ = {
			isa = XCBuildConfiguration;
			buildSettings = {
				ASSETCATALOG_COMPILER_APPICON_NAME = AppIcon;
				ASSETCATALOG_COMPILER_GLOBAL_ACCENT_COLOR_NAME = AccentColor;
				CODE_SIGN_STYLE = Automatic;
				DEVELOPMENT_ASSET_PATHS = "\"MultiplicationTableEdutainment/Preview Content\"";
				ENABLE_PREVIEWS = YES;
				INFOPLIST_FILE = MultiplicationTableEdutainment/Info.plist;
				IPHONEOS_DEPLOYMENT_TARGET = 14.0;
				LD_RUNPATH_SEARCH_PATHS = (
					"$(inherited)",
					"@executable_path/Frameworks",
				);
				PRODUCT_BUNDLE_IDENTIFIER = dev.lorand.MultiplicationTableEdutainment;
				PRODUCT_NAME = "$(TARGET_NAME)";
				SWIFT_VERSION = 5.0;
				TARGETED_DEVICE_FAMILY = "1,2";
			};
			name = Debug;
		};
		09B416192635648B001481E8 /* Release */ = {
			isa = XCBuildConfiguration;
			buildSettings = {
				ASSETCATALOG_COMPILER_APPICON_NAME = AppIcon;
				ASSETCATALOG_COMPILER_GLOBAL_ACCENT_COLOR_NAME = AccentColor;
				CODE_SIGN_STYLE = Automatic;
				DEVELOPMENT_ASSET_PATHS = "\"MultiplicationTableEdutainment/Preview Content\"";
				ENABLE_PREVIEWS = YES;
				INFOPLIST_FILE = MultiplicationTableEdutainment/Info.plist;
				IPHONEOS_DEPLOYMENT_TARGET = 14.0;
				LD_RUNPATH_SEARCH_PATHS = (
					"$(inherited)",
					"@executable_path/Frameworks",
				);
				PRODUCT_BUNDLE_IDENTIFIER = dev.lorand.MultiplicationTableEdutainment;
				PRODUCT_NAME = "$(TARGET_NAME)";
				SWIFT_VERSION = 5.0;
				TARGETED_DEVICE_FAMILY = "1,2";
			};
			name = Release;
		};
/* End XCBuildConfiguration section */

/* Begin XCConfigurationList section */
		09B4160326356482001481E8 /* Build configuration list for PBXProject "MultiplicationTableEdutainment" */ = {
			isa = XCConfigurationList;
			buildConfigurations = (
				09B416152635648B001481E8 /* Debug */,
				09B416162635648B001481E8 /* Release */,
			);
			defaultConfigurationIsVisible = 0;
			defaultConfigurationName = Release;
		};
		09B416172635648B001481E8 /* Build configuration list for PBXNativeTarget "MultiplicationTableEdutainment" */ = {
			isa = XCConfigurationList;
			buildConfigurations = (
				09B416182635648B001481E8 /* Debug */,
				09B416192635648B001481E8 /* Release */,
			);
			defaultConfigurationIsVisible = 0;
			defaultConfigurationName = Release;
		};
/* End XCConfigurationList section */
	};
	rootObject = 09B4160026356482001481E8 /* Project object */;
}
