// !$*UTF8*$!
{
	archiveVersion = 1;
	classes = {
	};
	objectVersion = 50;
	objects = {

/* Begin PBXBuildFile section */
		090B6315268DA60A004497EA /* LocationFetcher.swift in Sources */ = {isa = PBXBuildFile; fileRef = 090B6314268DA60A004497EA /* LocationFetcher.swift */; };
		090B6319268DADE3004497EA /* MapView.swift in Sources */ = {isa = PBXBuildFile; fileRef = 090B6318268DADE3004497EA /* MapView.swift */; };
		092FEDA8268B830900DB6D10 /* ImagePicker.swift in Sources */ = {isa = PBXBuildFile; fileRef = 092FEDA7268B830900DB6D10 /* ImagePicker.swift */; };
		096E4972268C79F4003C04A3 /* AddPersonView.swift in Sources */ = {isa = PBXBuildFile; fileRef = 096E4971268C79F4003C04A3 /* AddPersonView.swift */; };
		096ECAE72688D44A003E5282 /* MilestoneProject13_15App.swift in Sources */ = {isa = PBXBuildFile; fileRef = 096ECAE62688D44A003E5282 /* MilestoneProject13_15App.swift */; };
		096ECAE92688D44A003E5282 /* ContentView.swift in Sources */ = {isa = PBXBuildFile; fileRef = 096ECAE82688D44A003E5282 /* ContentView.swift */; };
		096ECAEB2688D44B003E5282 /* Assets.xcassets in Resources */ = {isa = PBXBuildFile; fileRef = 096ECAEA2688D44B003E5282 /* Assets.xcassets */; };
		096ECAEE2688D44B003E5282 /* Preview Assets.xcassets in Resources */ = {isa = PBXBuildFile; fileRef = 096ECAED2688D44B003E5282 /* Preview Assets.xcassets */; };
		09A316F2268CCF0D00F4348B /* Person.swift in Sources */ = {isa = PBXBuildFile; fileRef = 09A316F1268CCF0D00F4348B /* Person.swift */; };
		09A316F5268CE05E00F4348B /* PersonDetailView.swift in Sources */ = {isa = PBXBuildFile; fileRef = 09A316F4268CE05E00F4348B /* PersonDetailView.swift */; };
		09A316F8268CE1D000F4348B /* ImageUtil.swift in Sources */ = {isa = PBXBuildFile; fileRef = 09A316F7268CE1D000F4348B /* ImageUtil.swift */; };
/* End PBXBuildFile section */

/* Begin PBXFileReference section */
		090B6314268DA60A004497EA /* LocationFetcher.swift */ = {isa = PBXFileReference; lastKnownFileType = sourcecode.swift; path = LocationFetcher.swift; sourceTree = "<group>"; };
		090B6318268DADE3004497EA /* MapView.swift */ = {isa = PBXFileReference; lastKnownFileType = sourcecode.swift; path = MapView.swift; sourceTree = "<group>"; };
		092FEDA7268B830900DB6D10 /* ImagePicker.swift */ = {isa = PBXFileReference; lastKnownFileType = sourcecode.swift; path = ImagePicker.swift; sourceTree = "<group>"; };
		096E4971268C79F4003C04A3 /* AddPersonView.swift */ = {isa = PBXFileReference; lastKnownFileType = sourcecode.swift; path = AddPersonView.swift; sourceTree = "<group>"; };
		096ECAE32688D44A003E5282 /* MilestoneProject13-15.app */ = {isa = PBXFileReference; explicitFileType = wrapper.application; includeInIndex = 0; path = "MilestoneProject13-15.app"; sourceTree = BUILT_PRODUCTS_DIR; };
		096ECAE62688D44A003E5282 /* MilestoneProject13_15App.swift */ = {isa = PBXFileReference; lastKnownFileType = sourcecode.swift; path = MilestoneProject13_15App.swift; sourceTree = "<group>"; };
		096ECAE82688D44A003E5282 /* ContentView.swift */ = {isa = PBXFileReference; lastKnownFileType = sourcecode.swift; path = ContentView.swift; sourceTree = "<group>"; };
		096ECAEA2688D44B003E5282 /* Assets.xcassets */ = {isa = PBXFileReference; lastKnownFileType = folder.assetcatalog; path = Assets.xcassets; sourceTree = "<group>"; };
		096ECAED2688D44B003E5282 /* Preview Assets.xcassets */ = {isa = PBXFileReference; lastKnownFileType = folder.assetcatalog; path = "Preview Assets.xcassets"; sourceTree = "<group>"; };
		096ECAEF2688D44B003E5282 /* Info.plist */ = {isa = PBXFileReference; lastKnownFileType = text.plist.xml; path = Info.plist; sourceTree = "<group>"; };
		09A316F1268CCF0D00F4348B /* Person.swift */ = {isa = PBXFileReference; lastKnownFileType = sourcecode.swift; path = Person.swift; sourceTree = "<group>"; };
		09A316F4268CE05E00F4348B /* PersonDetailView.swift */ = {isa = PBXFileReference; lastKnownFileType = sourcecode.swift; path = PersonDetailView.swift; sourceTree = "<group>"; };
		09A316F7268CE1D000F4348B /* ImageUtil.swift */ = {isa = PBXFileReference; lastKnownFileType = sourcecode.swift; path = ImageUtil.swift; sourceTree = "<group>"; };
/* End PBXFileReference section */

/* Begin PBXFrameworksBuildPhase section */
		096ECAE02688D44A003E5282 /* Frameworks */ = {
			isa = PBXFrameworksBuildPhase;
			buildActionMask = 2147483647;
			files = (
			);
			runOnlyForDeploymentPostprocessing = 0;
		};
/* End PBXFrameworksBuildPhase section */

/* Begin PBXGroup section */
		096ECADA2688D44A003E5282 = {
			isa = PBXGroup;
			children = (
				096ECAE52688D44A003E5282 /* MilestoneProject13-15 */,
				096ECAE42688D44A003E5282 /* Products */,
			);
			sourceTree = "<group>";
		};
		096ECAE42688D44A003E5282 /* Products */ = {
			isa = PBXGroup;
			children = (
				096ECAE32688D44A003E5282 /* MilestoneProject13-15.app */,
			);
			name = Products;
			sourceTree = "<group>";
		};
		096ECAE52688D44A003E5282 /* MilestoneProject13-15 */ = {
			isa = PBXGroup;
			children = (
				096ECAE62688D44A003E5282 /* MilestoneProject13_15App.swift */,
				096ECAE82688D44A003E5282 /* ContentView.swift */,
				090B6314268DA60A004497EA /* LocationFetcher.swift */,
				096E4971268C79F4003C04A3 /* AddPersonView.swift */,
				090B6318268DADE3004497EA /* MapView.swift */,
				09A316F4268CE05E00F4348B /* PersonDetailView.swift */,
				09A316F1268CCF0D00F4348B /* Person.swift */,
				09A316F7268CE1D000F4348B /* ImageUtil.swift */,
				092FEDA7268B830900DB6D10 /* ImagePicker.swift */,
				096ECAEA2688D44B003E5282 /* Assets.xcassets */,
				096ECAEF2688D44B003E5282 /* Info.plist */,
				096ECAEC2688D44B003E5282 /* Preview Content */,
			);
			path = "MilestoneProject13-15";
			sourceTree = "<group>";
		};
		096ECAEC2688D44B003E5282 /* Preview Content */ = {
			isa = PBXGroup;
			children = (
				096ECAED2688D44B003E5282 /* Preview Assets.xcassets */,
			);
			path = "Preview Content";
			sourceTree = "<group>";
		};
/* End PBXGroup section */

/* Begin PBXNativeTarget section */
		096ECAE22688D44A003E5282 /* MilestoneProject13-15 */ = {
			isa = PBXNativeTarget;
			buildConfigurationList = 096ECAF22688D44B003E5282 /* Build configuration list for PBXNativeTarget "MilestoneProject13-15" */;
			buildPhases = (
				096ECADF2688D44A003E5282 /* Sources */,
				096ECAE02688D44A003E5282 /* Frameworks */,
				096ECAE12688D44A003E5282 /* Resources */,
			);
			buildRules = (
			);
			dependencies = (
			);
			name = "MilestoneProject13-15";
			productName = "MilestoneProject13-15";
			productReference = 096ECAE32688D44A003E5282 /* MilestoneProject13-15.app */;
			productType = "com.apple.product-type.application";
		};
/* End PBXNativeTarget section */

/* Begin PBXProject section */
		096ECADB2688D44A003E5282 /* Project object */ = {
			isa = PBXProject;
			attributes = {
				LastSwiftUpdateCheck = 1230;
				LastUpgradeCheck = 1230;
				TargetAttributes = {
					096ECAE22688D44A003E5282 = {
						CreatedOnToolsVersion = 12.3;
					};
				};
			};
			buildConfigurationList = 096ECADE2688D44A003E5282 /* Build configuration list for PBXProject "MilestoneProject13-15" */;
			compatibilityVersion = "Xcode 9.3";
			developmentRegion = en;
			hasScannedForEncodings = 0;
			knownRegions = (
				en,
				Base,
			);
			mainGroup = 096ECADA2688D44A003E5282;
			productRefGroup = 096ECAE42688D44A003E5282 /* Products */;
			projectDirPath = "";
			projectRoot = "";
			targets = (
				096ECAE22688D44A003E5282 /* MilestoneProject13-15 */,
			);
		};
/* End PBXProject section */

/* Begin PBXResourcesBuildPhase section */
		096ECAE12688D44A003E5282 /* Resources */ = {
			isa = PBXResourcesBuildPhase;
			buildActionMask = 2147483647;
			files = (
				096ECAEE2688D44B003E5282 /* Preview Assets.xcassets in Resources */,
				096ECAEB2688D44B003E5282 /* Assets.xcassets in Resources */,
			);
			runOnlyForDeploymentPostprocessing = 0;
		};
/* End PBXResourcesBuildPhase section */

/* Begin PBXSourcesBuildPhase section */
		096ECADF2688D44A003E5282 /* Sources */ = {
			isa = PBXSourcesBuildPhase;
			buildActionMask = 2147483647;
			files = (
				09A316F2268CCF0D00F4348B /* Person.swift in Sources */,
				09A316F8268CE1D000F4348B /* ImageUtil.swift in Sources */,
				090B6315268DA60A004497EA /* LocationFetcher.swift in Sources */,
				092FEDA8268B830900DB6D10 /* ImagePicker.swift in Sources */,
				096E4972268C79F4003C04A3 /* AddPersonView.swift in Sources */,
				096ECAE92688D44A003E5282 /* ContentView.swift in Sources */,
				09A316F5268CE05E00F4348B /* PersonDetailView.swift in Sources */,
				090B6319268DADE3004497EA /* MapView.swift in Sources */,
				096ECAE72688D44A003E5282 /* MilestoneProject13_15App.swift in Sources */,
			);
			runOnlyForDeploymentPostprocessing = 0;
		};
/* End PBXSourcesBuildPhase section */

/* Begin XCBuildConfiguration section */
		096ECAF02688D44B003E5282 /* Debug */ = {
			isa = XCBuildConfiguration;
			buildSettings = {
				ALWAYS_SEARCH_USER_PATHS = NO;
				CLANG_ANALYZER_NONNULL = YES;
				CLANG_ANALYZER_NUMBER_OBJECT_CONVERSION = YES_AGGRESSIVE;
				CLANG_CXX_LANGUAGE_STANDARD = "gnu++14";
				CLANG_CXX_LIBRARY = "libc++";
				CLANG_ENABLE_MODULES = YES;
				CLANG_ENABLE_OBJC_ARC = YES;
				CLANG_ENABLE_OBJC_WEAK = YES;
				CLANG_WARN_BLOCK_CAPTURE_AUTORELEASING = YES;
				CLANG_WARN_BOOL_CONVERSION = YES;
				CLANG_WARN_COMMA = YES;
				CLANG_WARN_CONSTANT_CONVERSION = YES;
				CLANG_WARN_DEPRECATED_OBJC_IMPLEMENTATIONS = YES;
				CLANG_WARN_DIRECT_OBJC_ISA_USAGE = YES_ERROR;
				CLANG_WARN_DOCUMENTATION_COMMENTS = YES;
				CLANG_WARN_EMPTY_BODY = YES;
				CLANG_WARN_ENUM_CONVERSION = YES;
				CLANG_WARN_INFINITE_RECURSION = YES;
				CLANG_WARN_INT_CONVERSION = YES;
				CLANG_WARN_NON_LITERAL_NULL_CONVERSION = YES;
				CLANG_WARN_OBJC_IMPLICIT_RETAIN_SELF = YES;
				CLANG_WARN_OBJC_LITERAL_CONVERSION = YES;
				CLANG_WARN_OBJC_ROOT_CLASS = YES_ERROR;
				CLANG_WARN_QUOTED_INCLUDE_IN_FRAMEWORK_HEADER = YES;
				CLANG_WARN_RANGE_LOOP_ANALYSIS = YES;
				CLANG_WARN_STRICT_PROTOTYPES = YES;
				CLANG_WARN_SUSPICIOUS_MOVE = YES;
				CLANG_WARN_UNGUARDED_AVAILABILITY = YES_AGGRESSIVE;
				CLANG_WARN_UNREACHABLE_CODE = YES;
				CLANG_WARN__DUPLICATE_METHOD_MATCH = YES;
				COPY_PHASE_STRIP = NO;
				DEBUG_INFORMATION_FORMAT = dwarf;
				ENABLE_STRICT_OBJC_MSGSEND = YES;
				ENABLE_TESTABILITY = YES;
				GCC_C_LANGUAGE_STANDARD = gnu11;
				GCC_DYNAMIC_NO_PIC = NO;
				GCC_NO_COMMON_BLOCKS = YES;
				GCC_OPTIMIZATION_LEVEL = 0;
				GCC_PREPROCESSOR_DEFINITIONS = (
					"DEBUG=1",
					"$(inherited)",
				);
				GCC_WARN_64_TO_32_BIT_CONVERSION = YES;
				GCC_WARN_ABOUT_RETURN_TYPE = YES_ERROR;
				GCC_WARN_UNDECLARED_SELECTOR = YES;
				GCC_WARN_UNINITIALIZED_AUTOS = YES_AGGRESSIVE;
				GCC_WARN_UNUSED_FUNCTION = YES;
				GCC_WARN_UNUSED_VARIABLE = YES;
				IPHONEOS_DEPLOYMENT_TARGET = 14.3;
				MTL_ENABLE_DEBUG_INFO = INCLUDE_SOURCE;
				MTL_FAST_MATH = YES;
				ONLY_ACTIVE_ARCH = YES;
				SDKROOT = iphoneos;
				SWIFT_ACTIVE_COMPILATION_CONDITIONS = DEBUG;
				SWIFT_OPTIMIZATION_LEVEL = "-Onone";
			};
			name = Debug;
		};
		096ECAF12688D44B003E5282 /* Release */ = {
			isa = XCBuildConfiguration;
			buildSettings = {
				ALWAYS_SEARCH_USER_PATHS = NO;
				CLANG_ANALYZER_NONNULL = YES;
				CLANG_ANALYZER_NUMBER_OBJECT_CONVERSION = YES_AGGRESSIVE;
				CLANG_CXX_LANGUAGE_STANDARD = "gnu++14";
				CLANG_CXX_LIBRARY = "libc++";
				CLANG_ENABLE_MODULES = YES;
				CLANG_ENABLE_OBJC_ARC = YES;
				CLANG_ENABLE_OBJC_WEAK = YES;
				CLANG_WARN_BLOCK_CAPTURE_AUTORELEASING = YES;
				CLANG_WARN_BOOL_CONVERSION = YES;
				CLANG_WARN_COMMA = YES;
				CLANG_WARN_CONSTANT_CONVERSION = YES;
				CLANG_WARN_DEPRECATED_OBJC_IMPLEMENTATIONS = YES;
				CLANG_WARN_DIRECT_OBJC_ISA_USAGE = YES_ERROR;
				CLANG_WARN_DOCUMENTATION_COMMENTS = YES;
				CLANG_WARN_EMPTY_BODY = YES;
				CLANG_WARN_ENUM_CONVERSION = YES;
				CLANG_WARN_INFINITE_RECURSION = YES;
				CLANG_WARN_INT_CONVERSION = YES;
				CLANG_WARN_NON_LITERAL_NULL_CONVERSION = YES;
				CLANG_WARN_OBJC_IMPLICIT_RETAIN_SELF = YES;
				CLANG_WARN_OBJC_LITERAL_CONVERSION = YES;
				CLANG_WARN_OBJC_ROOT_CLASS = YES_ERROR;
				CLANG_WARN_QUOTED_INCLUDE_IN_FRAMEWORK_HEADER = YES;
				CLANG_WARN_RANGE_LOOP_ANALYSIS = YES;
				CLANG_WARN_STRICT_PROTOTYPES = YES;
				CLANG_WARN_SUSPICIOUS_MOVE = YES;
				CLANG_WARN_UNGUARDED_AVAILABILITY = YES_AGGRESSIVE;
				CLANG_WARN_UNREACHABLE_CODE = YES;
				CLANG_WARN__DUPLICATE_METHOD_MATCH = YES;
				COPY_PHASE_STRIP = NO;
				DEBUG_INFORMATION_FORMAT = "dwarf-with-dsym";
				ENABLE_NS_ASSERTIONS = NO;
				ENABLE_STRICT_OBJC_MSGSEND = YES;
				GCC_C_LANGUAGE_STANDARD = gnu11;
				GCC_NO_COMMON_BLOCKS = YES;
				GCC_WARN_64_TO_32_BIT_CONVERSION = YES;
				GCC_WARN_ABOUT_RETURN_TYPE = YES_ERROR;
				GCC_WARN_UNDECLARED_SELECTOR = YES;
				GCC_WARN_UNINITIALIZED_AUTOS = YES_AGGRESSIVE;
				GCC_WARN_UNUSED_FUNCTION = YES;
				GCC_WARN_UNUSED_VARIABLE = YES;
				IPHONEOS_DEPLOYMENT_TARGET = 14.3;
				MTL_ENABLE_DEBUG_INFO = NO;
				MTL_FAST_MATH = YES;
				SDKROOT = iphoneos;
				SWIFT_COMPILATION_MODE = wholemodule;
				SWIFT_OPTIMIZATION_LEVEL = "-O";
				VALIDATE_PRODUCT = YES;
			};
			name = Release;
		};
		096ECAF32688D44B003E5282 /* Debug */ = {
			isa = XCBuildConfiguration;
			buildSettings = {
				ASSETCATALOG_COMPILER_APPICON_NAME = AppIcon;
				ASSETCATALOG_COMPILER_GLOBAL_ACCENT_COLOR_NAME = AccentColor;
				CODE_SIGN_STYLE = Automatic;
				DEVELOPMENT_ASSET_PATHS = "\"MilestoneProject13-15/Preview Content\"";
				ENABLE_PREVIEWS = YES;
				INFOPLIST_FILE = "MilestoneProject13-15/Info.plist";
				IPHONEOS_DEPLOYMENT_TARGET = 14.0;
				LD_RUNPATH_SEARCH_PATHS = (
					"$(inherited)",
					"@executable_path/Frameworks",
				);
				PRODUCT_BUNDLE_IDENTIFIER = "dev.lorand.MilestoneProject13-15";
				PRODUCT_NAME = "$(TARGET_NAME)";
				SWIFT_VERSION = 5.0;
				TARGETED_DEVICE_FAMILY = "1,2";
			};
			name = Debug;
		};
		096ECAF42688D44B003E5282 /* Release */ = {
			isa = XCBuildConfiguration;
			buildSettings = {
				ASSETCATALOG_COMPILER_APPICON_NAME = AppIcon;
				ASSETCATALOG_COMPILER_GLOBAL_ACCENT_COLOR_NAME = AccentColor;
				CODE_SIGN_STYLE = Automatic;
				DEVELOPMENT_ASSET_PATHS = "\"MilestoneProject13-15/Preview Content\"";
				ENABLE_PREVIEWS = YES;
				INFOPLIST_FILE = "MilestoneProject13-15/Info.plist";
				IPHONEOS_DEPLOYMENT_TARGET = 14.0;
				LD_RUNPATH_SEARCH_PATHS = (
					"$(inherited)",
					"@executable_path/Frameworks",
				);
				PRODUCT_BUNDLE_IDENTIFIER = "dev.lorand.MilestoneProject13-15";
				PRODUCT_NAME = "$(TARGET_NAME)";
				SWIFT_VERSION = 5.0;
				TARGETED_DEVICE_FAMILY = "1,2";
			};
			name = Release;
		};
/* End XCBuildConfiguration section */

/* Begin XCConfigurationList section */
		096ECADE2688D44A003E5282 /* Build configuration list for PBXProject "MilestoneProject13-15" */ = {
			isa = XCConfigurationList;
			buildConfigurations = (
				096ECAF02688D44B003E5282 /* Debug */,
				096ECAF12688D44B003E5282 /* Release */,
			);
			defaultConfigurationIsVisible = 0;
			defaultConfigurationName = Release;
		};
		096ECAF22688D44B003E5282 /* Build configuration list for PBXNativeTarget "MilestoneProject13-15" */ = {
			isa = XCConfigurationList;
			buildConfigurations = (
				096ECAF32688D44B003E5282 /* Debug */,
				096ECAF42688D44B003E5282 /* Release */,
			);
			defaultConfigurationIsVisible = 0;
			defaultConfigurationName = Release;
		};
/* End XCConfigurationList section */
	};
	rootObject = 096ECADB2688D44A003E5282 /* Project object */;
}
